
Microsoft Visual Studio Solution File, Format Version 12.00
# Visual Studio Version 17
VisualStudioVersion = 17.4.33122.133
MinimumVisualStudioVersion = 10.0.40219.1
Project("{FAE04EC0-301F-11D3-BF4B-00C04F79EFBC}") = "хэш таблицы 2", "хэш таблицы 2\хэш таблицы 2.csproj", "{AD110204-A038-475E-A5F6-EE299D0B25F9}"
EndProject
Global
	GlobalSection(SolutionConfigurationPlatforms) = preSolution
		Debug|Any CPU = Debug|Any CPU
		Release|Any CPU = Release|Any CPU
	EndGlobalSection
	GlobalSection(ProjectConfigurationPlatforms) = postSolution
		{AD110204-A038-475E-A5F6-EE299D0B25F9}.Debug|Any CPU.ActiveCfg = Debug|Any CPU
		{AD110204-A038-475E-A5F6-EE299D0B25F9}.Debug|Any CPU.Build.0 = Debug|Any CPU
		{AD110204-A038-475E-A5F6-EE299D0B25F9}.Release|Any CPU.ActiveCfg = Release|Any CPU
		{AD110204-A038-475E-A5F6-EE299D0B25F9}.Release|Any CPU.Build.0 = Release|Any CPU
	EndGlobalSection
	GlobalSection(SolutionProperties) = preSolution
		HideSolutionNode = FALSE
	EndGlobalSection
	GlobalSection(ExtensibilityGlobals) = postSolution
		SolutionGuid = {E92B4C20-09E3-4724-8CEE-4B0FF958A001}
	EndGlobalSection
EndGlobal
